
Microsoft Visual Studio Solution File, Format Version 12.00
# Visual Studio Version 16
VisualStudioVersion = 16.0.29411.108
MinimumVisualStudioVersion = 10.0.40219.1
Project("{888888A0-9F3D-457C-B088-3A5042F75D52}") = "Textsongnator", "Textsongnator.pyproj", "{B5BC25E4-94B2-4923-82EF-B36CFEC83CD5}"
EndProject
Global
	GlobalSection(SolutionConfigurationPlatforms) = preSolution
		Debug|Any CPU = Debug|Any CPU
		Release|Any CPU = Release|Any CPU
	EndGlobalSection
	GlobalSection(ProjectConfigurationPlatforms) = postSolution
		{B5BC25E4-94B2-4923-82EF-B36CFEC83CD5}.Debug|Any CPU.ActiveCfg = Debug|Any CPU
		{B5BC25E4-94B2-4923-82EF-B36CFEC83CD5}.Release|Any CPU.ActiveCfg = Release|Any CPU
	EndGlobalSection
	GlobalSection(SolutionProperties) = preSolution
		HideSolutionNode = FALSE
	EndGlobalSection
	GlobalSection(ExtensibilityGlobals) = postSolution
		SolutionGuid = {F7C471C0-FEFE-4004-A87E-34DE1EBE2AAD}
	EndGlobalSection
EndGlobal
